
Microsoft Visual Studio Solution File, Format Version 12.00
# Visual Studio 2012
Project("{FAE04EC0-301F-11D3-BF4B-00C04F79EFBC}") = "XamariniOSBatteryComponent", "XamariniOSBatteryComponent\XamariniOSBatteryComponent.csproj", "{39E369C4-9A93-4B16-B2C7-9AF81610451C}"
EndProject
Global
	GlobalSection(SolutionConfigurationPlatforms) = preSolution
		Debug|iPhoneSimulator = Debug|iPhoneSimulator
		Release|iPhone = Release|iPhone
		Release|iPhoneSimulator = Release|iPhoneSimulator
		Debug|iPhone = Debug|iPhone
	EndGlobalSection
	GlobalSection(ProjectConfigurationPlatforms) = postSolution
		{39E369C4-9A93-4B16-B2C7-9AF81610451C}.Debug|iPhoneSimulator.ActiveCfg = Debug|iPhoneSimulator
		{39E369C4-9A93-4B16-B2C7-9AF81610451C}.Debug|iPhoneSimulator.Build.0 = Debug|iPhoneSimulator
		{39E369C4-9A93-4B16-B2C7-9AF81610451C}.Release|iPhone.ActiveCfg = Release|iPhone
		{39E369C4-9A93-4B16-B2C7-9AF81610451C}.Release|iPhone.Build.0 = Release|iPhone
		{39E369C4-9A93-4B16-B2C7-9AF81610451C}.Release|iPhoneSimulator.ActiveCfg = Release|iPhoneSimulator
		{39E369C4-9A93-4B16-B2C7-9AF81610451C}.Release|iPhoneSimulator.Build.0 = Release|iPhoneSimulator
		{39E369C4-9A93-4B16-B2C7-9AF81610451C}.Debug|iPhone.ActiveCfg = Debug|iPhone
		{39E369C4-9A93-4B16-B2C7-9AF81610451C}.Debug|iPhone.Build.0 = Debug|iPhone
	EndGlobalSection
EndGlobal
